
Microsoft Visual Studio Solution File, Format Version 12.00
# Visual Studio Version 17
VisualStudioVersion = 17.2.32630.192
MinimumVisualStudioVersion = 10.0.40219.1
Project("{9A19103F-16F7-4668-BE54-9A1E7A4F7556}") = "R5T.T0173.Construction", "R5T.T0173.Construction\R5T.T0173.Construction.csproj", "{CD4F2A44-4B69-41E1-AE26-0DA40EF77B82}"
EndProject
Project("{9A19103F-16F7-4668-BE54-9A1E7A4F7556}") = "R5T.T0173", "R5T.T0173\R5T.T0173.csproj", "{6B3A57A9-7C18-438A-A2BD-CDBF99DEB4B9}"
EndProject
Project("{2150E333-8FDC-42A3-9474-1A3956D46DE8}") = "_Dependencies", "_Dependencies", "{672DF973-8F65-4965-BB6D-046C9565AF94}"
EndProject
Project("{9A19103F-16F7-4668-BE54-9A1E7A4F7556}") = "R5T.T0132", "..\..\R5T.T0132\source\R5T.T0132\R5T.T0132.csproj", "{FE2E8835-FC45-4E11-858E-860652BE72DE}"
EndProject
Project("{9A19103F-16F7-4668-BE54-9A1E7A4F7556}") = "R5T.T0143", "..\..\R5T.T0143\source\R5T.T0143\R5T.T0143.csproj", "{6FF727FA-8EAD-497C-B328-EFBC8A558EDE}"
EndProject
Project("{9A19103F-16F7-4668-BE54-9A1E7A4F7556}") = "R5T.T0150", "..\..\R5T.T0150\source\R5T.T0150\R5T.T0150.csproj", "{46F02399-EA8D-4128-A373-98128FF842C7}"
EndProject
Project("{9A19103F-16F7-4668-BE54-9A1E7A4F7556}") = "R5T.T0151", "..\..\R5T.T0151\source\R5T.T0151\R5T.T0151.csproj", "{0594AE90-DBDE-4D79-8A23-881AE99110B1}"
EndProject
Global
	GlobalSection(NestedProjects) = preSolution
		{FE2E8835-FC45-4E11-858E-860652BE72DE} = {672DF973-8F65-4965-BB6D-046C9565AF94}
		{6FF727FA-8EAD-497C-B328-EFBC8A558EDE} = {672DF973-8F65-4965-BB6D-046C9565AF94}
		{46F02399-EA8D-4128-A373-98128FF842C7} = {672DF973-8F65-4965-BB6D-046C9565AF94}
		{0594AE90-DBDE-4D79-8A23-881AE99110B1} = {672DF973-8F65-4965-BB6D-046C9565AF94}
	EndGlobalSection
	GlobalSection(SolutionConfigurationPlatforms) = preSolution
		Debug|Any CPU = Debug|Any CPU
		Release|Any CPU = Release|Any CPU
	EndGlobalSection
	GlobalSection(ProjectConfigurationPlatforms) = postSolution
		{CD4F2A44-4B69-41E1-AE26-0DA40EF77B82}.Debug|Any CPU.ActiveCfg = Debug|Any CPU
		{CD4F2A44-4B69-41E1-AE26-0DA40EF77B82}.Debug|Any CPU.Build.0 = Debug|Any CPU
		{CD4F2A44-4B69-41E1-AE26-0DA40EF77B82}.Release|Any CPU.ActiveCfg = Release|Any CPU
		{CD4F2A44-4B69-41E1-AE26-0DA40EF77B82}.Release|Any CPU.Build.0 = Release|Any CPU
		{6B3A57A9-7C18-438A-A2BD-CDBF99DEB4B9}.Debug|Any CPU.ActiveCfg = Debug|Any CPU
		{6B3A57A9-7C18-438A-A2BD-CDBF99DEB4B9}.Debug|Any CPU.Build.0 = Debug|Any CPU
		{6B3A57A9-7C18-438A-A2BD-CDBF99DEB4B9}.Release|Any CPU.ActiveCfg = Release|Any CPU
		{6B3A57A9-7C18-438A-A2BD-CDBF99DEB4B9}.Release|Any CPU.Build.0 = Release|Any CPU
		{FE2E8835-FC45-4E11-858E-860652BE72DE}.Debug|Any CPU.ActiveCfg = Debug|Any CPU
		{FE2E8835-FC45-4E11-858E-860652BE72DE}.Debug|Any CPU.Build.0 = Debug|Any CPU
		{FE2E8835-FC45-4E11-858E-860652BE72DE}.Release|Any CPU.ActiveCfg = Release|Any CPU
		{FE2E8835-FC45-4E11-858E-860652BE72DE}.Release|Any CPU.Build.0 = Release|Any CPU
		{6FF727FA-8EAD-497C-B328-EFBC8A558EDE}.Debug|Any CPU.ActiveCfg = Debug|Any CPU
		{6FF727FA-8EAD-497C-B328-EFBC8A558EDE}.Debug|Any CPU.Build.0 = Debug|Any CPU
		{6FF727FA-8EAD-497C-B328-EFBC8A558EDE}.Release|Any CPU.ActiveCfg = Release|Any CPU
		{6FF727FA-8EAD-497C-B328-EFBC8A558EDE}.Release|Any CPU.Build.0 = Release|Any CPU
		{46F02399-EA8D-4128-A373-98128FF842C7}.Debug|Any CPU.ActiveCfg = Debug|Any CPU
		{46F02399-EA8D-4128-A373-98128FF842C7}.Debug|Any CPU.Build.0 = Debug|Any CPU
		{46F02399-EA8D-4128-A373-98128FF842C7}.Release|Any CPU.ActiveCfg = Release|Any CPU
		{46F02399-EA8D-4128-A373-98128FF842C7}.Release|Any CPU.Build.0 = Release|Any CPU
		{0594AE90-DBDE-4D79-8A23-881AE99110B1}.Debug|Any CPU.ActiveCfg = Debug|Any CPU
		{0594AE90-DBDE-4D79-8A23-881AE99110B1}.Debug|Any CPU.Build.0 = Debug|Any CPU
		{0594AE90-DBDE-4D79-8A23-881AE99110B1}.Release|Any CPU.ActiveCfg = Release|Any CPU
		{0594AE90-DBDE-4D79-8A23-881AE99110B1}.Release|Any CPU.Build.0 = Release|Any CPU
	EndGlobalSection
	GlobalSection(SolutionProperties) = preSolution
		HideSolutionNode = FALSE
	EndGlobalSection
	GlobalSection(ExtensibilityGlobals) = postSolution
		SolutionGuid = {B60F036A-0DAC-4668-942F-F31F04B872AC}
	EndGlobalSection
EndGlobal
